
Microsoft Visual Studio Solution File, Format Version 12.00
# Visual Studio Version 17
VisualStudioVersion = 17.0.31903.59
MinimumVisualStudioVersion = 10.0.40219.1
Project("{2150E333-8FDC-42A3-9474-1A3956D46DE8}") = "src", "src", "{827E0CD3-B72D-47B6-A68D-7590B98EB39B}"
EndProject
Project("{FAE04EC0-301F-11D3-BF4B-00C04F79EFBC}") = "OpenRouter.SDK", "src\OpenRouter.SDK\OpenRouter.SDK.csproj", "{76772D7F-1040-4ED1-B222-75905BA64EE7}"
EndProject
Project("{2150E333-8FDC-42A3-9474-1A3956D46DE8}") = "tests", "tests", "{0AB3BF05-4346-4AA6-1389-037BE0695223}"
EndProject
Project("{FAE04EC0-301F-11D3-BF4B-00C04F79EFBC}") = "OpenRouter.SDK.Tests", "tests\OpenRouter.SDK.Tests\OpenRouter.SDK.Tests.csproj", "{58EFD4C8-8F01-4AAE-BA58-F6F707153671}"
EndProject
Project("{2150E333-8FDC-42A3-9474-1A3956D46DE8}") = "Examples", "Examples", "{B36A84DF-456D-A817-6EDD-3EC3E7F6E11F}"
EndProject
Project("{FAE04EC0-301F-11D3-BF4B-00C04F79EFBC}") = "Example01.SimpleTextCompletion", "Examples\Example01.SimpleTextCompletion\Example01.SimpleTextCompletion.csproj", "{4D249555-86FD-49E4-9664-B1B498094F8B}"
EndProject
Project("{FAE04EC0-301F-11D3-BF4B-00C04F79EFBC}") = "Example02.StreamingCompletion", "Examples\Example02.StreamingCompletion\Example02.StreamingCompletion.csproj", "{14B6ABC1-AAA3-41B8-8F45-CDE9D2DBFDB8}"
EndProject
Project("{FAE04EC0-301F-11D3-BF4B-00C04F79EFBC}") = "Example03.ChatServiceDirect", "Examples\Example03.ChatServiceDirect\Example03.ChatServiceDirect.csproj", "{0F92CC6B-EF5C-4BCF-B5ED-3C629F93974A}"
EndProject
Project("{FAE04EC0-301F-11D3-BF4B-00C04F79EFBC}") = "Example04.ListModels", "Examples\Example04.ListModels\Example04.ListModels.csproj", "{EB488CC7-6E16-4B82-9015-88E830D1CD55}"
EndProject
Project("{FAE04EC0-301F-11D3-BF4B-00C04F79EFBC}") = "Example05.AdvancedChatParameters", "Examples\Example05.AdvancedChatParameters\Example05.AdvancedChatParameters.csproj", "{9F7FAAD8-D81D-498C-A7DF-8AC331C5A539}"
EndProject
Project("{FAE04EC0-301F-11D3-BF4B-00C04F79EFBC}") = "Example06.GenerateEmbeddings", "Examples\Example06.GenerateEmbeddings\Example06.GenerateEmbeddings.csproj", "{46BC1717-9677-46E7-BEC1-E32797F59D4A}"
EndProject
Project("{FAE04EC0-301F-11D3-BF4B-00C04F79EFBC}") = "Example07.ListProviders", "Examples\Example07.ListProviders\Example07.ListProviders.csproj", "{5BCB5FE5-9526-4D54-B401-CFAE9467D3BB}"
EndProject
Project("{FAE04EC0-301F-11D3-BF4B-00C04F79EFBC}") = "Example08.ListEndpoints", "Examples\Example08.ListEndpoints\Example08.ListEndpoints.csproj", "{84DCB318-033E-4F98-A4EF-AF2D21B15F13}"
EndProject
Project("{FAE04EC0-301F-11D3-BF4B-00C04F79EFBC}") = "Example09.ZDREndpoints", "Examples\Example09.ZDREndpoints\Example09.ZDREndpoints.csproj", "{6F7AC646-4C9B-424D-B3E5-116E6F4E3AB9}"
EndProject
Project("{FAE04EC0-301F-11D3-BF4B-00C04F79EFBC}") = "Example10.BetaResponsesAPI", "Examples\Example10.BetaResponsesAPI\Example10.BetaResponsesAPI.csproj", "{0D75EA4D-1897-4AEA-84D3-6E7A30542DEC}"
EndProject
Project("{FAE04EC0-301F-11D3-BF4B-00C04F79EFBC}") = "Example11.BetaResponsesWithTools", "Examples\Example11.BetaResponsesWithTools\Example11.BetaResponsesWithTools.csproj", "{CF8E04BE-4C5B-4939-87B0-E3C750991B6D}"
EndProject
Project("{FAE04EC0-301F-11D3-BF4B-00C04F79EFBC}") = "Example12.AutomaticWeatherTool", "Examples\Example12.AutomaticWeatherTool\Example12.AutomaticWeatherTool.csproj", "{51529AEF-0AED-448F-95B9-07030392ED0B}"
EndProject
Project("{FAE04EC0-301F-11D3-BF4B-00C04F79EFBC}") = "Example13.MultiToolCalculator", "Examples\Example13.MultiToolCalculator\Example13.MultiToolCalculator.csproj", "{88ABC7FF-BC27-4BF7-B4E0-7C6522B96C50}"
EndProject
Project("{FAE04EC0-301F-11D3-BF4B-00C04F79EFBC}") = "Example14.ModelResultPatterns", "Examples\Example14.ModelResultPatterns\Example14.ModelResultPatterns.csproj", "{D473AD6D-D6A8-431D-AE3C-BA5F43787459}"
EndProject
Project("{FAE04EC0-301F-11D3-BF4B-00C04F79EFBC}") = "Example15.GenerationMetadata", "Examples\Example15.GenerationMetadata\Example15.GenerationMetadata.csproj", "{D2D2262E-8946-4869-A33E-47C62B4C2E1C}"
EndProject
Project("{FAE04EC0-301F-11D3-BF4B-00C04F79EFBC}") = "Example16.OAuthPKCE", "Examples\Example16.OAuthPKCE\Example16.OAuthPKCE.csproj", "{DA1E2B50-A9AE-4A56-9A6B-7617D95A03F6}"
EndProject
Project("{FAE04EC0-301F-11D3-BF4B-00C04F79EFBC}") = "Example17.AsyncParameterResolution", "Examples\Example17.AsyncParameterResolution\Example17.AsyncParameterResolution.csproj", "{E2A637B0-DAD9-496F-B9D6-49919E2CD391}"
EndProject
Project("{FAE04EC0-301F-11D3-BF4B-00C04F79EFBC}") = "Example18.APIKeysManagement", "Examples\Example18.APIKeysManagement\Example18.APIKeysManagement.csproj", "{A3A93E7C-81B0-4F7F-BF87-CF0309F54645}"
EndProject
Project("{FAE04EC0-301F-11D3-BF4B-00C04F79EFBC}") = "Example19.StopConditions", "Examples\Example19.StopConditions\Example19.StopConditions.csproj", "{D1FA1B3F-4B90-4FA9-9B84-0BE230F1C675}"
EndProject
Project("{FAE04EC0-301F-11D3-BF4B-00C04F79EFBC}") = "Example20.MultiTurnOrchestration", "Examples\Example20.MultiTurnOrchestration\Example20.MultiTurnOrchestration.csproj", "{4C3A737E-DB66-456E-81BB-C9AEEA78EFC1}"
EndProject
Project("{FAE04EC0-301F-11D3-BF4B-00C04F79EFBC}") = "Example21.OrchestratedWorkflow", "Examples\Example21.OrchestratedWorkflow\Example21.OrchestratedWorkflow.csproj", "{F025E0EB-11AB-4A5E-A35B-94A4D3008A80}"
EndProject
Project("{FAE04EC0-301F-11D3-BF4B-00C04F79EFBC}") = "Example22.ChainedLLMWorkflow", "Examples\Example22.ChainedLLMWorkflow\Example22.ChainedLLMWorkflow.csproj", "{F2865CFC-0ED2-4E70-8D35-F5EF999F2B0B}"
EndProject
Project("{FAE04EC0-301F-11D3-BF4B-00C04F79EFBC}") = "Example23.ChainedLLMWorkflowAdvanced", "Examples\Example23.ChainedLLMWorkflowAdvanced\Example23.ChainedLLMWorkflowAdvanced.csproj", "{E8AB62E1-D4C8-4EB3-8D43-DB4417BB0137}"
EndProject
Project("{FAE04EC0-301F-11D3-BF4B-00C04F79EFBC}") = "Example24.PracticalUseCases", "Examples\Example24.PracticalUseCases\Example24.PracticalUseCases.csproj", "{036E4B32-1503-43F3-9366-485C6501490A}"
EndProject
Project("{FAE04EC0-301F-11D3-BF4B-00C04F79EFBC}") = "ApiTestProject", "Examples\ApiTestProject\ApiTestProject.csproj", "{D16E7438-F389-49CE-82FF-E9FBD7E4ABB5}"
EndProject
Project("{FAE04EC0-301F-11D3-BF4B-00C04F79EFBC}") = "TestApi", "Examples\TestApi\TestApi.csproj", "{DEDFC758-7B14-459E-B856-D75EDAC5AA16}"
EndProject
Project("{FAE04EC0-301F-11D3-BF4B-00C04F79EFBC}") = "TestRawHttp", "Examples\TestRawHttp\TestRawHttp.csproj", "{FA4C8352-EFFE-4326-98C6-E1B18BAF0C93}"
EndProject
Project("{FAE04EC0-301F-11D3-BF4B-00C04F79EFBC}") = "TestSerialization", "Examples\TestSerialization\TestSerialization.csproj", "{5CF99275-2309-45A1-828D-D0632D654FA8}"
EndProject
Project("{FAE04EC0-301F-11D3-BF4B-00C04F79EFBC}") = "OpenRouter.Examples.EnvConfig", "Examples\OpenRouter.Examples.EnvConfig\OpenRouter.Examples.EnvConfig.csproj", "{C2DC7050-846D-43B3-8BBF-14FDF2D08D25}"
EndProject
Project("{2150E333-8FDC-42A3-9474-1A3956D46DE8}") = "Solution Items", "Solution Items", "{8EC462FD-D22E-90A8-E5CE-7E832BA40C5D}"
	ProjectSection(SolutionItems) = preProject
		.env = .env
		.env.example = .env.example
		.gitignore = .gitignore
		README.md = README.md
	EndProjectSection
EndProject
Project("{FAE04EC0-301F-11D3-BF4B-00C04F79EFBC}") = "Example25.HttpHooks", "Examples\Example25.HttpHooks\Example25.HttpHooks.csproj", "{E8F00866-C9D1-C8C6-6E1C-C04FBCA1E541}"
EndProject
Project("{FAE04EC0-301F-11D3-BF4B-00C04F79EFBC}") = "Example26.StopConditions", "Examples\Example26.StopConditions\Example26.StopConditions.csproj", "{61F6E57E-FB05-6DB5-A58C-85EDEF0F844E}"
EndProject
Project("{FAE04EC0-301F-11D3-BF4B-00C04F79EFBC}") = "Example27.ConcurrentStreams", "Examples\Example27.ConcurrentStreams\Example27.ConcurrentStreams.csproj", "{0732EFC1-2322-05E3-5F9E-7F3E9D455119}"
EndProject
Project("{FAE04EC0-301F-11D3-BF4B-00C04F79EFBC}") = "TestStreaming", "Examples\TestStreaming\TestStreaming.csproj", "{EF8BCF91-E295-59F1-6B27-C01FE195E044}"
EndProject
Project("{FAE04EC0-301F-11D3-BF4B-00C04F79EFBC}") = "Example28.AllStreamingPatterns", "Examples\Example28.AllStreamingPatterns\Example28.AllStreamingPatterns.csproj", "{0F763243-FD4C-8CDD-6677-AD20E2425C29}"
EndProject
Global
	GlobalSection(SolutionConfigurationPlatforms) = preSolution
		Debug|Any CPU = Debug|Any CPU
		Debug|x64 = Debug|x64
		Debug|x86 = Debug|x86
		Release|Any CPU = Release|Any CPU
		Release|x64 = Release|x64
		Release|x86 = Release|x86
	EndGlobalSection
	GlobalSection(ProjectConfigurationPlatforms) = postSolution
		{76772D7F-1040-4ED1-B222-75905BA64EE7}.Debug|Any CPU.ActiveCfg = Debug|Any CPU
		{76772D7F-1040-4ED1-B222-75905BA64EE7}.Debug|Any CPU.Build.0 = Debug|Any CPU
		{76772D7F-1040-4ED1-B222-75905BA64EE7}.Debug|x64.ActiveCfg = Debug|Any CPU
		{76772D7F-1040-4ED1-B222-75905BA64EE7}.Debug|x64.Build.0 = Debug|Any CPU
		{76772D7F-1040-4ED1-B222-75905BA64EE7}.Debug|x86.ActiveCfg = Debug|Any CPU
		{76772D7F-1040-4ED1-B222-75905BA64EE7}.Debug|x86.Build.0 = Debug|Any CPU
		{76772D7F-1040-4ED1-B222-75905BA64EE7}.Release|Any CPU.ActiveCfg = Release|Any CPU
		{76772D7F-1040-4ED1-B222-75905BA64EE7}.Release|Any CPU.Build.0 = Release|Any CPU
		{76772D7F-1040-4ED1-B222-75905BA64EE7}.Release|x64.ActiveCfg = Release|Any CPU
		{76772D7F-1040-4ED1-B222-75905BA64EE7}.Release|x64.Build.0 = Release|Any CPU
		{76772D7F-1040-4ED1-B222-75905BA64EE7}.Release|x86.ActiveCfg = Release|Any CPU
		{76772D7F-1040-4ED1-B222-75905BA64EE7}.Release|x86.Build.0 = Release|Any CPU
		{58EFD4C8-8F01-4AAE-BA58-F6F707153671}.Debug|Any CPU.ActiveCfg = Debug|Any CPU
		{58EFD4C8-8F01-4AAE-BA58-F6F707153671}.Debug|Any CPU.Build.0 = Debug|Any CPU
		{58EFD4C8-8F01-4AAE-BA58-F6F707153671}.Debug|x64.ActiveCfg = Debug|Any CPU
		{58EFD4C8-8F01-4AAE-BA58-F6F707153671}.Debug|x64.Build.0 = Debug|Any CPU
		{58EFD4C8-8F01-4AAE-BA58-F6F707153671}.Debug|x86.ActiveCfg = Debug|Any CPU
		{58EFD4C8-8F01-4AAE-BA58-F6F707153671}.Debug|x86.Build.0 = Debug|Any CPU
		{58EFD4C8-8F01-4AAE-BA58-F6F707153671}.Release|Any CPU.ActiveCfg = Release|Any CPU
		{58EFD4C8-8F01-4AAE-BA58-F6F707153671}.Release|Any CPU.Build.0 = Release|Any CPU
		{58EFD4C8-8F01-4AAE-BA58-F6F707153671}.Release|x64.ActiveCfg = Release|Any CPU
		{58EFD4C8-8F01-4AAE-BA58-F6F707153671}.Release|x64.Build.0 = Release|Any CPU
		{58EFD4C8-8F01-4AAE-BA58-F6F707153671}.Release|x86.ActiveCfg = Release|Any CPU
		{58EFD4C8-8F01-4AAE-BA58-F6F707153671}.Release|x86.Build.0 = Release|Any CPU
		{4D249555-86FD-49E4-9664-B1B498094F8B}.Debug|Any CPU.ActiveCfg = Debug|Any CPU
		{4D249555-86FD-49E4-9664-B1B498094F8B}.Debug|Any CPU.Build.0 = Debug|Any CPU
		{4D249555-86FD-49E4-9664-B1B498094F8B}.Debug|x64.ActiveCfg = Debug|Any CPU
		{4D249555-86FD-49E4-9664-B1B498094F8B}.Debug|x64.Build.0 = Debug|Any CPU
		{4D249555-86FD-49E4-9664-B1B498094F8B}.Debug|x86.ActiveCfg = Debug|Any CPU
		{4D249555-86FD-49E4-9664-B1B498094F8B}.Debug|x86.Build.0 = Debug|Any CPU
		{4D249555-86FD-49E4-9664-B1B498094F8B}.Release|Any CPU.ActiveCfg = Release|Any CPU
		{4D249555-86FD-49E4-9664-B1B498094F8B}.Release|Any CPU.Build.0 = Release|Any CPU
		{4D249555-86FD-49E4-9664-B1B498094F8B}.Release|x64.ActiveCfg = Release|Any CPU
		{4D249555-86FD-49E4-9664-B1B498094F8B}.Release|x64.Build.0 = Release|Any CPU
		{4D249555-86FD-49E4-9664-B1B498094F8B}.Release|x86.ActiveCfg = Release|Any CPU
		{4D249555-86FD-49E4-9664-B1B498094F8B}.Release|x86.Build.0 = Release|Any CPU
		{14B6ABC1-AAA3-41B8-8F45-CDE9D2DBFDB8}.Debug|Any CPU.ActiveCfg = Debug|Any CPU
		{14B6ABC1-AAA3-41B8-8F45-CDE9D2DBFDB8}.Debug|Any CPU.Build.0 = Debug|Any CPU
		{14B6ABC1-AAA3-41B8-8F45-CDE9D2DBFDB8}.Debug|x64.ActiveCfg = Debug|Any CPU
		{14B6ABC1-AAA3-41B8-8F45-CDE9D2DBFDB8}.Debug|x64.Build.0 = Debug|Any CPU
		{14B6ABC1-AAA3-41B8-8F45-CDE9D2DBFDB8}.Debug|x86.ActiveCfg = Debug|Any CPU
		{14B6ABC1-AAA3-41B8-8F45-CDE9D2DBFDB8}.Debug|x86.Build.0 = Debug|Any CPU
		{14B6ABC1-AAA3-41B8-8F45-CDE9D2DBFDB8}.Release|Any CPU.ActiveCfg = Release|Any CPU
		{14B6ABC1-AAA3-41B8-8F45-CDE9D2DBFDB8}.Release|Any CPU.Build.0 = Release|Any CPU
		{14B6ABC1-AAA3-41B8-8F45-CDE9D2DBFDB8}.Release|x64.ActiveCfg = Release|Any CPU
		{14B6ABC1-AAA3-41B8-8F45-CDE9D2DBFDB8}.Release|x64.Build.0 = Release|Any CPU
		{14B6ABC1-AAA3-41B8-8F45-CDE9D2DBFDB8}.Release|x86.ActiveCfg = Release|Any CPU
		{14B6ABC1-AAA3-41B8-8F45-CDE9D2DBFDB8}.Release|x86.Build.0 = Release|Any CPU
		{0F92CC6B-EF5C-4BCF-B5ED-3C629F93974A}.Debug|Any CPU.ActiveCfg = Debug|Any CPU
		{0F92CC6B-EF5C-4BCF-B5ED-3C629F93974A}.Debug|Any CPU.Build.0 = Debug|Any CPU
		{0F92CC6B-EF5C-4BCF-B5ED-3C629F93974A}.Debug|x64.ActiveCfg = Debug|Any CPU
		{0F92CC6B-EF5C-4BCF-B5ED-3C629F93974A}.Debug|x64.Build.0 = Debug|Any CPU
		{0F92CC6B-EF5C-4BCF-B5ED-3C629F93974A}.Debug|x86.ActiveCfg = Debug|Any CPU
		{0F92CC6B-EF5C-4BCF-B5ED-3C629F93974A}.Debug|x86.Build.0 = Debug|Any CPU
		{0F92CC6B-EF5C-4BCF-B5ED-3C629F93974A}.Release|Any CPU.ActiveCfg = Release|Any CPU
		{0F92CC6B-EF5C-4BCF-B5ED-3C629F93974A}.Release|Any CPU.Build.0 = Release|Any CPU
		{0F92CC6B-EF5C-4BCF-B5ED-3C629F93974A}.Release|x64.ActiveCfg = Release|Any CPU
		{0F92CC6B-EF5C-4BCF-B5ED-3C629F93974A}.Release|x64.Build.0 = Release|Any CPU
		{0F92CC6B-EF5C-4BCF-B5ED-3C629F93974A}.Release|x86.ActiveCfg = Release|Any CPU
		{0F92CC6B-EF5C-4BCF-B5ED-3C629F93974A}.Release|x86.Build.0 = Release|Any CPU
		{EB488CC7-6E16-4B82-9015-88E830D1CD55}.Debug|Any CPU.ActiveCfg = Debug|Any CPU
		{EB488CC7-6E16-4B82-9015-88E830D1CD55}.Debug|Any CPU.Build.0 = Debug|Any CPU
		{EB488CC7-6E16-4B82-9015-88E830D1CD55}.Debug|x64.ActiveCfg = Debug|Any CPU
		{EB488CC7-6E16-4B82-9015-88E830D1CD55}.Debug|x64.Build.0 = Debug|Any CPU
		{EB488CC7-6E16-4B82-9015-88E830D1CD55}.Debug|x86.ActiveCfg = Debug|Any CPU
		{EB488CC7-6E16-4B82-9015-88E830D1CD55}.Debug|x86.Build.0 = Debug|Any CPU
		{EB488CC7-6E16-4B82-9015-88E830D1CD55}.Release|Any CPU.ActiveCfg = Release|Any CPU
		{EB488CC7-6E16-4B82-9015-88E830D1CD55}.Release|Any CPU.Build.0 = Release|Any CPU
		{EB488CC7-6E16-4B82-9015-88E830D1CD55}.Release|x64.ActiveCfg = Release|Any CPU
		{EB488CC7-6E16-4B82-9015-88E830D1CD55}.Release|x64.Build.0 = Release|Any CPU
		{EB488CC7-6E16-4B82-9015-88E830D1CD55}.Release|x86.ActiveCfg = Release|Any CPU
		{EB488CC7-6E16-4B82-9015-88E830D1CD55}.Release|x86.Build.0 = Release|Any CPU
		{9F7FAAD8-D81D-498C-A7DF-8AC331C5A539}.Debug|Any CPU.ActiveCfg = Debug|Any CPU
		{9F7FAAD8-D81D-498C-A7DF-8AC331C5A539}.Debug|Any CPU.Build.0 = Debug|Any CPU
		{9F7FAAD8-D81D-498C-A7DF-8AC331C5A539}.Debug|x64.ActiveCfg = Debug|Any CPU
		{9F7FAAD8-D81D-498C-A7DF-8AC331C5A539}.Debug|x64.Build.0 = Debug|Any CPU
		{9F7FAAD8-D81D-498C-A7DF-8AC331C5A539}.Debug|x86.ActiveCfg = Debug|Any CPU
		{9F7FAAD8-D81D-498C-A7DF-8AC331C5A539}.Debug|x86.Build.0 = Debug|Any CPU
		{9F7FAAD8-D81D-498C-A7DF-8AC331C5A539}.Release|Any CPU.ActiveCfg = Release|Any CPU
		{9F7FAAD8-D81D-498C-A7DF-8AC331C5A539}.Release|Any CPU.Build.0 = Release|Any CPU
		{9F7FAAD8-D81D-498C-A7DF-8AC331C5A539}.Release|x64.ActiveCfg = Release|Any CPU
		{9F7FAAD8-D81D-498C-A7DF-8AC331C5A539}.Release|x64.Build.0 = Release|Any CPU
		{9F7FAAD8-D81D-498C-A7DF-8AC331C5A539}.Release|x86.ActiveCfg = Release|Any CPU
		{9F7FAAD8-D81D-498C-A7DF-8AC331C5A539}.Release|x86.Build.0 = Release|Any CPU
		{46BC1717-9677-46E7-BEC1-E32797F59D4A}.Debug|Any CPU.ActiveCfg = Debug|Any CPU
		{46BC1717-9677-46E7-BEC1-E32797F59D4A}.Debug|Any CPU.Build.0 = Debug|Any CPU
		{46BC1717-9677-46E7-BEC1-E32797F59D4A}.Debug|x64.ActiveCfg = Debug|Any CPU
		{46BC1717-9677-46E7-BEC1-E32797F59D4A}.Debug|x64.Build.0 = Debug|Any CPU
		{46BC1717-9677-46E7-BEC1-E32797F59D4A}.Debug|x86.ActiveCfg = Debug|Any CPU
		{46BC1717-9677-46E7-BEC1-E32797F59D4A}.Debug|x86.Build.0 = Debug|Any CPU
		{46BC1717-9677-46E7-BEC1-E32797F59D4A}.Release|Any CPU.ActiveCfg = Release|Any CPU
		{46BC1717-9677-46E7-BEC1-E32797F59D4A}.Release|Any CPU.Build.0 = Release|Any CPU
		{46BC1717-9677-46E7-BEC1-E32797F59D4A}.Release|x64.ActiveCfg = Release|Any CPU
		{46BC1717-9677-46E7-BEC1-E32797F59D4A}.Release|x64.Build.0 = Release|Any CPU
		{46BC1717-9677-46E7-BEC1-E32797F59D4A}.Release|x86.ActiveCfg = Release|Any CPU
		{46BC1717-9677-46E7-BEC1-E32797F59D4A}.Release|x86.Build.0 = Release|Any CPU
		{5BCB5FE5-9526-4D54-B401-CFAE9467D3BB}.Debug|Any CPU.ActiveCfg = Debug|Any CPU
		{5BCB5FE5-9526-4D54-B401-CFAE9467D3BB}.Debug|Any CPU.Build.0 = Debug|Any CPU
		{5BCB5FE5-9526-4D54-B401-CFAE9467D3BB}.Debug|x64.ActiveCfg = Debug|Any CPU
		{5BCB5FE5-9526-4D54-B401-CFAE9467D3BB}.Debug|x64.Build.0 = Debug|Any CPU
		{5BCB5FE5-9526-4D54-B401-CFAE9467D3BB}.Debug|x86.ActiveCfg = Debug|Any CPU
		{5BCB5FE5-9526-4D54-B401-CFAE9467D3BB}.Debug|x86.Build.0 = Debug|Any CPU
		{5BCB5FE5-9526-4D54-B401-CFAE9467D3BB}.Release|Any CPU.ActiveCfg = Release|Any CPU
		{5BCB5FE5-9526-4D54-B401-CFAE9467D3BB}.Release|Any CPU.Build.0 = Release|Any CPU
		{5BCB5FE5-9526-4D54-B401-CFAE9467D3BB}.Release|x64.ActiveCfg = Release|Any CPU
		{5BCB5FE5-9526-4D54-B401-CFAE9467D3BB}.Release|x64.Build.0 = Release|Any CPU
		{5BCB5FE5-9526-4D54-B401-CFAE9467D3BB}.Release|x86.ActiveCfg = Release|Any CPU
		{5BCB5FE5-9526-4D54-B401-CFAE9467D3BB}.Release|x86.Build.0 = Release|Any CPU
		{84DCB318-033E-4F98-A4EF-AF2D21B15F13}.Debug|Any CPU.ActiveCfg = Debug|Any CPU
		{84DCB318-033E-4F98-A4EF-AF2D21B15F13}.Debug|Any CPU.Build.0 = Debug|Any CPU
		{84DCB318-033E-4F98-A4EF-AF2D21B15F13}.Debug|x64.ActiveCfg = Debug|Any CPU
		{84DCB318-033E-4F98-A4EF-AF2D21B15F13}.Debug|x64.Build.0 = Debug|Any CPU
		{84DCB318-033E-4F98-A4EF-AF2D21B15F13}.Debug|x86.ActiveCfg = Debug|Any CPU
		{84DCB318-033E-4F98-A4EF-AF2D21B15F13}.Debug|x86.Build.0 = Debug|Any CPU
		{84DCB318-033E-4F98-A4EF-AF2D21B15F13}.Release|Any CPU.ActiveCfg = Release|Any CPU
		{84DCB318-033E-4F98-A4EF-AF2D21B15F13}.Release|Any CPU.Build.0 = Release|Any CPU
		{84DCB318-033E-4F98-A4EF-AF2D21B15F13}.Release|x64.ActiveCfg = Release|Any CPU
		{84DCB318-033E-4F98-A4EF-AF2D21B15F13}.Release|x64.Build.0 = Release|Any CPU
		{84DCB318-033E-4F98-A4EF-AF2D21B15F13}.Release|x86.ActiveCfg = Release|Any CPU
		{84DCB318-033E-4F98-A4EF-AF2D21B15F13}.Release|x86.Build.0 = Release|Any CPU
		{6F7AC646-4C9B-424D-B3E5-116E6F4E3AB9}.Debug|Any CPU.ActiveCfg = Debug|Any CPU
		{6F7AC646-4C9B-424D-B3E5-116E6F4E3AB9}.Debug|Any CPU.Build.0 = Debug|Any CPU
		{6F7AC646-4C9B-424D-B3E5-116E6F4E3AB9}.Debug|x64.ActiveCfg = Debug|Any CPU
		{6F7AC646-4C9B-424D-B3E5-116E6F4E3AB9}.Debug|x64.Build.0 = Debug|Any CPU
		{6F7AC646-4C9B-424D-B3E5-116E6F4E3AB9}.Debug|x86.ActiveCfg = Debug|Any CPU
		{6F7AC646-4C9B-424D-B3E5-116E6F4E3AB9}.Debug|x86.Build.0 = Debug|Any CPU
		{6F7AC646-4C9B-424D-B3E5-116E6F4E3AB9}.Release|Any CPU.ActiveCfg = Release|Any CPU
		{6F7AC646-4C9B-424D-B3E5-116E6F4E3AB9}.Release|Any CPU.Build.0 = Release|Any CPU
		{6F7AC646-4C9B-424D-B3E5-116E6F4E3AB9}.Release|x64.ActiveCfg = Release|Any CPU
		{6F7AC646-4C9B-424D-B3E5-116E6F4E3AB9}.Release|x64.Build.0 = Release|Any CPU
		{6F7AC646-4C9B-424D-B3E5-116E6F4E3AB9}.Release|x86.ActiveCfg = Release|Any CPU
		{6F7AC646-4C9B-424D-B3E5-116E6F4E3AB9}.Release|x86.Build.0 = Release|Any CPU
		{0D75EA4D-1897-4AEA-84D3-6E7A30542DEC}.Debug|Any CPU.ActiveCfg = Debug|Any CPU
		{0D75EA4D-1897-4AEA-84D3-6E7A30542DEC}.Debug|Any CPU.Build.0 = Debug|Any CPU
		{0D75EA4D-1897-4AEA-84D3-6E7A30542DEC}.Debug|x64.ActiveCfg = Debug|Any CPU
		{0D75EA4D-1897-4AEA-84D3-6E7A30542DEC}.Debug|x64.Build.0 = Debug|Any CPU
		{0D75EA4D-1897-4AEA-84D3-6E7A30542DEC}.Debug|x86.ActiveCfg = Debug|Any CPU
		{0D75EA4D-1897-4AEA-84D3-6E7A30542DEC}.Debug|x86.Build.0 = Debug|Any CPU
		{0D75EA4D-1897-4AEA-84D3-6E7A30542DEC}.Release|Any CPU.ActiveCfg = Release|Any CPU
		{0D75EA4D-1897-4AEA-84D3-6E7A30542DEC}.Release|Any CPU.Build.0 = Release|Any CPU
		{0D75EA4D-1897-4AEA-84D3-6E7A30542DEC}.Release|x64.ActiveCfg = Release|Any CPU
		{0D75EA4D-1897-4AEA-84D3-6E7A30542DEC}.Release|x64.Build.0 = Release|Any CPU
		{0D75EA4D-1897-4AEA-84D3-6E7A30542DEC}.Release|x86.ActiveCfg = Release|Any CPU
		{0D75EA4D-1897-4AEA-84D3-6E7A30542DEC}.Release|x86.Build.0 = Release|Any CPU
		{CF8E04BE-4C5B-4939-87B0-E3C750991B6D}.Debug|Any CPU.ActiveCfg = Debug|Any CPU
		{CF8E04BE-4C5B-4939-87B0-E3C750991B6D}.Debug|Any CPU.Build.0 = Debug|Any CPU
		{CF8E04BE-4C5B-4939-87B0-E3C750991B6D}.Debug|x64.ActiveCfg = Debug|Any CPU
		{CF8E04BE-4C5B-4939-87B0-E3C750991B6D}.Debug|x64.Build.0 = Debug|Any CPU
		{CF8E04BE-4C5B-4939-87B0-E3C750991B6D}.Debug|x86.ActiveCfg = Debug|Any CPU
		{CF8E04BE-4C5B-4939-87B0-E3C750991B6D}.Debug|x86.Build.0 = Debug|Any CPU
		{CF8E04BE-4C5B-4939-87B0-E3C750991B6D}.Release|Any CPU.ActiveCfg = Release|Any CPU
		{CF8E04BE-4C5B-4939-87B0-E3C750991B6D}.Release|Any CPU.Build.0 = Release|Any CPU
		{CF8E04BE-4C5B-4939-87B0-E3C750991B6D}.Release|x64.ActiveCfg = Release|Any CPU
		{CF8E04BE-4C5B-4939-87B0-E3C750991B6D}.Release|x64.Build.0 = Release|Any CPU
		{CF8E04BE-4C5B-4939-87B0-E3C750991B6D}.Release|x86.ActiveCfg = Release|Any CPU
		{CF8E04BE-4C5B-4939-87B0-E3C750991B6D}.Release|x86.Build.0 = Release|Any CPU
		{51529AEF-0AED-448F-95B9-07030392ED0B}.Debug|Any CPU.ActiveCfg = Debug|Any CPU
		{51529AEF-0AED-448F-95B9-07030392ED0B}.Debug|Any CPU.Build.0 = Debug|Any CPU
		{51529AEF-0AED-448F-95B9-07030392ED0B}.Debug|x64.ActiveCfg = Debug|Any CPU
		{51529AEF-0AED-448F-95B9-07030392ED0B}.Debug|x64.Build.0 = Debug|Any CPU
		{51529AEF-0AED-448F-95B9-07030392ED0B}.Debug|x86.ActiveCfg = Debug|Any CPU
		{51529AEF-0AED-448F-95B9-07030392ED0B}.Debug|x86.Build.0 = Debug|Any CPU
		{51529AEF-0AED-448F-95B9-07030392ED0B}.Release|Any CPU.ActiveCfg = Release|Any CPU
		{51529AEF-0AED-448F-95B9-07030392ED0B}.Release|Any CPU.Build.0 = Release|Any CPU
		{51529AEF-0AED-448F-95B9-07030392ED0B}.Release|x64.ActiveCfg = Release|Any CPU
		{51529AEF-0AED-448F-95B9-07030392ED0B}.Release|x64.Build.0 = Release|Any CPU
		{51529AEF-0AED-448F-95B9-07030392ED0B}.Release|x86.ActiveCfg = Release|Any CPU
		{51529AEF-0AED-448F-95B9-07030392ED0B}.Release|x86.Build.0 = Release|Any CPU
		{88ABC7FF-BC27-4BF7-B4E0-7C6522B96C50}.Debug|Any CPU.ActiveCfg = Debug|Any CPU
		{88ABC7FF-BC27-4BF7-B4E0-7C6522B96C50}.Debug|Any CPU.Build.0 = Debug|Any CPU
		{88ABC7FF-BC27-4BF7-B4E0-7C6522B96C50}.Debug|x64.ActiveCfg = Debug|Any CPU
		{88ABC7FF-BC27-4BF7-B4E0-7C6522B96C50}.Debug|x64.Build.0 = Debug|Any CPU
		{88ABC7FF-BC27-4BF7-B4E0-7C6522B96C50}.Debug|x86.ActiveCfg = Debug|Any CPU
		{88ABC7FF-BC27-4BF7-B4E0-7C6522B96C50}.Debug|x86.Build.0 = Debug|Any CPU
		{88ABC7FF-BC27-4BF7-B4E0-7C6522B96C50}.Release|Any CPU.ActiveCfg = Release|Any CPU
		{88ABC7FF-BC27-4BF7-B4E0-7C6522B96C50}.Release|Any CPU.Build.0 = Release|Any CPU
		{88ABC7FF-BC27-4BF7-B4E0-7C6522B96C50}.Release|x64.ActiveCfg = Release|Any CPU
		{88ABC7FF-BC27-4BF7-B4E0-7C6522B96C50}.Release|x64.Build.0 = Release|Any CPU
		{88ABC7FF-BC27-4BF7-B4E0-7C6522B96C50}.Release|x86.ActiveCfg = Release|Any CPU
		{88ABC7FF-BC27-4BF7-B4E0-7C6522B96C50}.Release|x86.Build.0 = Release|Any CPU
		{D473AD6D-D6A8-431D-AE3C-BA5F43787459}.Debug|Any CPU.ActiveCfg = Debug|Any CPU
		{D473AD6D-D6A8-431D-AE3C-BA5F43787459}.Debug|Any CPU.Build.0 = Debug|Any CPU
		{D473AD6D-D6A8-431D-AE3C-BA5F43787459}.Debug|x64.ActiveCfg = Debug|Any CPU
		{D473AD6D-D6A8-431D-AE3C-BA5F43787459}.Debug|x64.Build.0 = Debug|Any CPU
		{D473AD6D-D6A8-431D-AE3C-BA5F43787459}.Debug|x86.ActiveCfg = Debug|Any CPU
		{D473AD6D-D6A8-431D-AE3C-BA5F43787459}.Debug|x86.Build.0 = Debug|Any CPU
		{D473AD6D-D6A8-431D-AE3C-BA5F43787459}.Release|Any CPU.ActiveCfg = Release|Any CPU
		{D473AD6D-D6A8-431D-AE3C-BA5F43787459}.Release|Any CPU.Build.0 = Release|Any CPU
		{D473AD6D-D6A8-431D-AE3C-BA5F43787459}.Release|x64.ActiveCfg = Release|Any CPU
		{D473AD6D-D6A8-431D-AE3C-BA5F43787459}.Release|x64.Build.0 = Release|Any CPU
		{D473AD6D-D6A8-431D-AE3C-BA5F43787459}.Release|x86.ActiveCfg = Release|Any CPU
		{D473AD6D-D6A8-431D-AE3C-BA5F43787459}.Release|x86.Build.0 = Release|Any CPU
		{D2D2262E-8946-4869-A33E-47C62B4C2E1C}.Debug|Any CPU.ActiveCfg = Debug|Any CPU
		{D2D2262E-8946-4869-A33E-47C62B4C2E1C}.Debug|Any CPU.Build.0 = Debug|Any CPU
		{D2D2262E-8946-4869-A33E-47C62B4C2E1C}.Debug|x64.ActiveCfg = Debug|Any CPU
		{D2D2262E-8946-4869-A33E-47C62B4C2E1C}.Debug|x64.Build.0 = Debug|Any CPU
		{D2D2262E-8946-4869-A33E-47C62B4C2E1C}.Debug|x86.ActiveCfg = Debug|Any CPU
		{D2D2262E-8946-4869-A33E-47C62B4C2E1C}.Debug|x86.Build.0 = Debug|Any CPU
		{D2D2262E-8946-4869-A33E-47C62B4C2E1C}.Release|Any CPU.ActiveCfg = Release|Any CPU
		{D2D2262E-8946-4869-A33E-47C62B4C2E1C}.Release|Any CPU.Build.0 = Release|Any CPU
		{D2D2262E-8946-4869-A33E-47C62B4C2E1C}.Release|x64.ActiveCfg = Release|Any CPU
		{D2D2262E-8946-4869-A33E-47C62B4C2E1C}.Release|x64.Build.0 = Release|Any CPU
		{D2D2262E-8946-4869-A33E-47C62B4C2E1C}.Release|x86.ActiveCfg = Release|Any CPU
		{D2D2262E-8946-4869-A33E-47C62B4C2E1C}.Release|x86.Build.0 = Release|Any CPU
		{DA1E2B50-A9AE-4A56-9A6B-7617D95A03F6}.Debug|Any CPU.ActiveCfg = Debug|Any CPU
		{DA1E2B50-A9AE-4A56-9A6B-7617D95A03F6}.Debug|Any CPU.Build.0 = Debug|Any CPU
		{DA1E2B50-A9AE-4A56-9A6B-7617D95A03F6}.Debug|x64.ActiveCfg = Debug|Any CPU
		{DA1E2B50-A9AE-4A56-9A6B-7617D95A03F6}.Debug|x64.Build.0 = Debug|Any CPU
		{DA1E2B50-A9AE-4A56-9A6B-7617D95A03F6}.Debug|x86.ActiveCfg = Debug|Any CPU
		{DA1E2B50-A9AE-4A56-9A6B-7617D95A03F6}.Debug|x86.Build.0 = Debug|Any CPU
		{DA1E2B50-A9AE-4A56-9A6B-7617D95A03F6}.Release|Any CPU.ActiveCfg = Release|Any CPU
		{DA1E2B50-A9AE-4A56-9A6B-7617D95A03F6}.Release|Any CPU.Build.0 = Release|Any CPU
		{DA1E2B50-A9AE-4A56-9A6B-7617D95A03F6}.Release|x64.ActiveCfg = Release|Any CPU
		{DA1E2B50-A9AE-4A56-9A6B-7617D95A03F6}.Release|x64.Build.0 = Release|Any CPU
		{DA1E2B50-A9AE-4A56-9A6B-7617D95A03F6}.Release|x86.ActiveCfg = Release|Any CPU
		{DA1E2B50-A9AE-4A56-9A6B-7617D95A03F6}.Release|x86.Build.0 = Release|Any CPU
		{E2A637B0-DAD9-496F-B9D6-49919E2CD391}.Debug|Any CPU.ActiveCfg = Debug|Any CPU
		{E2A637B0-DAD9-496F-B9D6-49919E2CD391}.Debug|Any CPU.Build.0 = Debug|Any CPU
		{E2A637B0-DAD9-496F-B9D6-49919E2CD391}.Debug|x64.ActiveCfg = Debug|Any CPU
		{E2A637B0-DAD9-496F-B9D6-49919E2CD391}.Debug|x64.Build.0 = Debug|Any CPU
		{E2A637B0-DAD9-496F-B9D6-49919E2CD391}.Debug|x86.ActiveCfg = Debug|Any CPU
		{E2A637B0-DAD9-496F-B9D6-49919E2CD391}.Debug|x86.Build.0 = Debug|Any CPU
		{E2A637B0-DAD9-496F-B9D6-49919E2CD391}.Release|Any CPU.ActiveCfg = Release|Any CPU
		{E2A637B0-DAD9-496F-B9D6-49919E2CD391}.Release|Any CPU.Build.0 = Release|Any CPU
		{E2A637B0-DAD9-496F-B9D6-49919E2CD391}.Release|x64.ActiveCfg = Release|Any CPU
		{E2A637B0-DAD9-496F-B9D6-49919E2CD391}.Release|x64.Build.0 = Release|Any CPU
		{E2A637B0-DAD9-496F-B9D6-49919E2CD391}.Release|x86.ActiveCfg = Release|Any CPU
		{E2A637B0-DAD9-496F-B9D6-49919E2CD391}.Release|x86.Build.0 = Release|Any CPU
		{A3A93E7C-81B0-4F7F-BF87-CF0309F54645}.Debug|Any CPU.ActiveCfg = Debug|Any CPU
		{A3A93E7C-81B0-4F7F-BF87-CF0309F54645}.Debug|Any CPU.Build.0 = Debug|Any CPU
		{A3A93E7C-81B0-4F7F-BF87-CF0309F54645}.Debug|x64.ActiveCfg = Debug|Any CPU
		{A3A93E7C-81B0-4F7F-BF87-CF0309F54645}.Debug|x64.Build.0 = Debug|Any CPU
		{A3A93E7C-81B0-4F7F-BF87-CF0309F54645}.Debug|x86.ActiveCfg = Debug|Any CPU
		{A3A93E7C-81B0-4F7F-BF87-CF0309F54645}.Debug|x86.Build.0 = Debug|Any CPU
		{A3A93E7C-81B0-4F7F-BF87-CF0309F54645}.Release|Any CPU.ActiveCfg = Release|Any CPU
		{A3A93E7C-81B0-4F7F-BF87-CF0309F54645}.Release|Any CPU.Build.0 = Release|Any CPU
		{A3A93E7C-81B0-4F7F-BF87-CF0309F54645}.Release|x64.ActiveCfg = Release|Any CPU
		{A3A93E7C-81B0-4F7F-BF87-CF0309F54645}.Release|x64.Build.0 = Release|Any CPU
		{A3A93E7C-81B0-4F7F-BF87-CF0309F54645}.Release|x86.ActiveCfg = Release|Any CPU
		{A3A93E7C-81B0-4F7F-BF87-CF0309F54645}.Release|x86.Build.0 = Release|Any CPU
		{D1FA1B3F-4B90-4FA9-9B84-0BE230F1C675}.Debug|Any CPU.ActiveCfg = Debug|Any CPU
		{D1FA1B3F-4B90-4FA9-9B84-0BE230F1C675}.Debug|Any CPU.Build.0 = Debug|Any CPU
		{D1FA1B3F-4B90-4FA9-9B84-0BE230F1C675}.Debug|x64.ActiveCfg = Debug|Any CPU
		{D1FA1B3F-4B90-4FA9-9B84-0BE230F1C675}.Debug|x64.Build.0 = Debug|Any CPU
		{D1FA1B3F-4B90-4FA9-9B84-0BE230F1C675}.Debug|x86.ActiveCfg = Debug|Any CPU
		{D1FA1B3F-4B90-4FA9-9B84-0BE230F1C675}.Debug|x86.Build.0 = Debug|Any CPU
		{D1FA1B3F-4B90-4FA9-9B84-0BE230F1C675}.Release|Any CPU.ActiveCfg = Release|Any CPU
		{D1FA1B3F-4B90-4FA9-9B84-0BE230F1C675}.Release|Any CPU.Build.0 = Release|Any CPU
		{D1FA1B3F-4B90-4FA9-9B84-0BE230F1C675}.Release|x64.ActiveCfg = Release|Any CPU
		{D1FA1B3F-4B90-4FA9-9B84-0BE230F1C675}.Release|x64.Build.0 = Release|Any CPU
		{D1FA1B3F-4B90-4FA9-9B84-0BE230F1C675}.Release|x86.ActiveCfg = Release|Any CPU
		{D1FA1B3F-4B90-4FA9-9B84-0BE230F1C675}.Release|x86.Build.0 = Release|Any CPU
		{4C3A737E-DB66-456E-81BB-C9AEEA78EFC1}.Debug|Any CPU.ActiveCfg = Debug|Any CPU
		{4C3A737E-DB66-456E-81BB-C9AEEA78EFC1}.Debug|Any CPU.Build.0 = Debug|Any CPU
		{4C3A737E-DB66-456E-81BB-C9AEEA78EFC1}.Debug|x64.ActiveCfg = Debug|Any CPU
		{4C3A737E-DB66-456E-81BB-C9AEEA78EFC1}.Debug|x64.Build.0 = Debug|Any CPU
		{4C3A737E-DB66-456E-81BB-C9AEEA78EFC1}.Debug|x86.ActiveCfg = Debug|Any CPU
		{4C3A737E-DB66-456E-81BB-C9AEEA78EFC1}.Debug|x86.Build.0 = Debug|Any CPU
		{4C3A737E-DB66-456E-81BB-C9AEEA78EFC1}.Release|Any CPU.ActiveCfg = Release|Any CPU
		{4C3A737E-DB66-456E-81BB-C9AEEA78EFC1}.Release|Any CPU.Build.0 = Release|Any CPU
		{4C3A737E-DB66-456E-81BB-C9AEEA78EFC1}.Release|x64.ActiveCfg = Release|Any CPU
		{4C3A737E-DB66-456E-81BB-C9AEEA78EFC1}.Release|x64.Build.0 = Release|Any CPU
		{4C3A737E-DB66-456E-81BB-C9AEEA78EFC1}.Release|x86.ActiveCfg = Release|Any CPU
		{4C3A737E-DB66-456E-81BB-C9AEEA78EFC1}.Release|x86.Build.0 = Release|Any CPU
		{F025E0EB-11AB-4A5E-A35B-94A4D3008A80}.Debug|Any CPU.ActiveCfg = Debug|Any CPU
		{F025E0EB-11AB-4A5E-A35B-94A4D3008A80}.Debug|Any CPU.Build.0 = Debug|Any CPU
		{F025E0EB-11AB-4A5E-A35B-94A4D3008A80}.Debug|x64.ActiveCfg = Debug|Any CPU
		{F025E0EB-11AB-4A5E-A35B-94A4D3008A80}.Debug|x64.Build.0 = Debug|Any CPU
		{F025E0EB-11AB-4A5E-A35B-94A4D3008A80}.Debug|x86.ActiveCfg = Debug|Any CPU
		{F025E0EB-11AB-4A5E-A35B-94A4D3008A80}.Debug|x86.Build.0 = Debug|Any CPU
		{F025E0EB-11AB-4A5E-A35B-94A4D3008A80}.Release|Any CPU.ActiveCfg = Release|Any CPU
		{F025E0EB-11AB-4A5E-A35B-94A4D3008A80}.Release|Any CPU.Build.0 = Release|Any CPU
		{F025E0EB-11AB-4A5E-A35B-94A4D3008A80}.Release|x64.ActiveCfg = Release|Any CPU
		{F025E0EB-11AB-4A5E-A35B-94A4D3008A80}.Release|x64.Build.0 = Release|Any CPU
		{F025E0EB-11AB-4A5E-A35B-94A4D3008A80}.Release|x86.ActiveCfg = Release|Any CPU
		{F025E0EB-11AB-4A5E-A35B-94A4D3008A80}.Release|x86.Build.0 = Release|Any CPU
		{F2865CFC-0ED2-4E70-8D35-F5EF999F2B0B}.Debug|Any CPU.ActiveCfg = Debug|Any CPU
		{F2865CFC-0ED2-4E70-8D35-F5EF999F2B0B}.Debug|Any CPU.Build.0 = Debug|Any CPU
		{F2865CFC-0ED2-4E70-8D35-F5EF999F2B0B}.Debug|x64.ActiveCfg = Debug|Any CPU
		{F2865CFC-0ED2-4E70-8D35-F5EF999F2B0B}.Debug|x64.Build.0 = Debug|Any CPU
		{F2865CFC-0ED2-4E70-8D35-F5EF999F2B0B}.Debug|x86.ActiveCfg = Debug|Any CPU
		{F2865CFC-0ED2-4E70-8D35-F5EF999F2B0B}.Debug|x86.Build.0 = Debug|Any CPU
		{F2865CFC-0ED2-4E70-8D35-F5EF999F2B0B}.Release|Any CPU.ActiveCfg = Release|Any CPU
		{F2865CFC-0ED2-4E70-8D35-F5EF999F2B0B}.Release|Any CPU.Build.0 = Release|Any CPU
		{F2865CFC-0ED2-4E70-8D35-F5EF999F2B0B}.Release|x64.ActiveCfg = Release|Any CPU
		{F2865CFC-0ED2-4E70-8D35-F5EF999F2B0B}.Release|x64.Build.0 = Release|Any CPU
		{F2865CFC-0ED2-4E70-8D35-F5EF999F2B0B}.Release|x86.ActiveCfg = Release|Any CPU
		{F2865CFC-0ED2-4E70-8D35-F5EF999F2B0B}.Release|x86.Build.0 = Release|Any CPU
		{E8AB62E1-D4C8-4EB3-8D43-DB4417BB0137}.Debug|Any CPU.ActiveCfg = Debug|Any CPU
		{E8AB62E1-D4C8-4EB3-8D43-DB4417BB0137}.Debug|Any CPU.Build.0 = Debug|Any CPU
		{E8AB62E1-D4C8-4EB3-8D43-DB4417BB0137}.Debug|x64.ActiveCfg = Debug|Any CPU
		{E8AB62E1-D4C8-4EB3-8D43-DB4417BB0137}.Debug|x64.Build.0 = Debug|Any CPU
		{E8AB62E1-D4C8-4EB3-8D43-DB4417BB0137}.Debug|x86.ActiveCfg = Debug|Any CPU
		{E8AB62E1-D4C8-4EB3-8D43-DB4417BB0137}.Debug|x86.Build.0 = Debug|Any CPU
		{E8AB62E1-D4C8-4EB3-8D43-DB4417BB0137}.Release|Any CPU.ActiveCfg = Release|Any CPU
		{E8AB62E1-D4C8-4EB3-8D43-DB4417BB0137}.Release|Any CPU.Build.0 = Release|Any CPU
		{E8AB62E1-D4C8-4EB3-8D43-DB4417BB0137}.Release|x64.ActiveCfg = Release|Any CPU
		{E8AB62E1-D4C8-4EB3-8D43-DB4417BB0137}.Release|x64.Build.0 = Release|Any CPU
		{E8AB62E1-D4C8-4EB3-8D43-DB4417BB0137}.Release|x86.ActiveCfg = Release|Any CPU
		{E8AB62E1-D4C8-4EB3-8D43-DB4417BB0137}.Release|x86.Build.0 = Release|Any CPU
		{036E4B32-1503-43F3-9366-485C6501490A}.Debug|Any CPU.ActiveCfg = Debug|Any CPU
		{036E4B32-1503-43F3-9366-485C6501490A}.Debug|Any CPU.Build.0 = Debug|Any CPU
		{036E4B32-1503-43F3-9366-485C6501490A}.Debug|x64.ActiveCfg = Debug|Any CPU
		{036E4B32-1503-43F3-9366-485C6501490A}.Debug|x64.Build.0 = Debug|Any CPU
		{036E4B32-1503-43F3-9366-485C6501490A}.Debug|x86.ActiveCfg = Debug|Any CPU
		{036E4B32-1503-43F3-9366-485C6501490A}.Debug|x86.Build.0 = Debug|Any CPU
		{036E4B32-1503-43F3-9366-485C6501490A}.Release|Any CPU.ActiveCfg = Release|Any CPU
		{036E4B32-1503-43F3-9366-485C6501490A}.Release|Any CPU.Build.0 = Release|Any CPU
		{036E4B32-1503-43F3-9366-485C6501490A}.Release|x64.ActiveCfg = Release|Any CPU
		{036E4B32-1503-43F3-9366-485C6501490A}.Release|x64.Build.0 = Release|Any CPU
		{036E4B32-1503-43F3-9366-485C6501490A}.Release|x86.ActiveCfg = Release|Any CPU
		{036E4B32-1503-43F3-9366-485C6501490A}.Release|x86.Build.0 = Release|Any CPU
		{D16E7438-F389-49CE-82FF-E9FBD7E4ABB5}.Debug|Any CPU.ActiveCfg = Debug|Any CPU
		{D16E7438-F389-49CE-82FF-E9FBD7E4ABB5}.Debug|Any CPU.Build.0 = Debug|Any CPU
		{D16E7438-F389-49CE-82FF-E9FBD7E4ABB5}.Debug|x64.ActiveCfg = Debug|Any CPU
		{D16E7438-F389-49CE-82FF-E9FBD7E4ABB5}.Debug|x64.Build.0 = Debug|Any CPU
		{D16E7438-F389-49CE-82FF-E9FBD7E4ABB5}.Debug|x86.ActiveCfg = Debug|Any CPU
		{D16E7438-F389-49CE-82FF-E9FBD7E4ABB5}.Debug|x86.Build.0 = Debug|Any CPU
		{D16E7438-F389-49CE-82FF-E9FBD7E4ABB5}.Release|Any CPU.ActiveCfg = Release|Any CPU
		{D16E7438-F389-49CE-82FF-E9FBD7E4ABB5}.Release|Any CPU.Build.0 = Release|Any CPU
		{D16E7438-F389-49CE-82FF-E9FBD7E4ABB5}.Release|x64.ActiveCfg = Release|Any CPU
		{D16E7438-F389-49CE-82FF-E9FBD7E4ABB5}.Release|x64.Build.0 = Release|Any CPU
		{D16E7438-F389-49CE-82FF-E9FBD7E4ABB5}.Release|x86.ActiveCfg = Release|Any CPU
		{D16E7438-F389-49CE-82FF-E9FBD7E4ABB5}.Release|x86.Build.0 = Release|Any CPU
		{DEDFC758-7B14-459E-B856-D75EDAC5AA16}.Debug|Any CPU.ActiveCfg = Debug|Any CPU
		{DEDFC758-7B14-459E-B856-D75EDAC5AA16}.Debug|Any CPU.Build.0 = Debug|Any CPU
		{DEDFC758-7B14-459E-B856-D75EDAC5AA16}.Debug|x64.ActiveCfg = Debug|Any CPU
		{DEDFC758-7B14-459E-B856-D75EDAC5AA16}.Debug|x64.Build.0 = Debug|Any CPU
		{DEDFC758-7B14-459E-B856-D75EDAC5AA16}.Debug|x86.ActiveCfg = Debug|Any CPU
		{DEDFC758-7B14-459E-B856-D75EDAC5AA16}.Debug|x86.Build.0 = Debug|Any CPU
		{DEDFC758-7B14-459E-B856-D75EDAC5AA16}.Release|Any CPU.ActiveCfg = Release|Any CPU
		{DEDFC758-7B14-459E-B856-D75EDAC5AA16}.Release|Any CPU.Build.0 = Release|Any CPU
		{DEDFC758-7B14-459E-B856-D75EDAC5AA16}.Release|x64.ActiveCfg = Release|Any CPU
		{DEDFC758-7B14-459E-B856-D75EDAC5AA16}.Release|x64.Build.0 = Release|Any CPU
		{DEDFC758-7B14-459E-B856-D75EDAC5AA16}.Release|x86.ActiveCfg = Release|Any CPU
		{DEDFC758-7B14-459E-B856-D75EDAC5AA16}.Release|x86.Build.0 = Release|Any CPU
		{FA4C8352-EFFE-4326-98C6-E1B18BAF0C93}.Debug|Any CPU.ActiveCfg = Debug|Any CPU
		{FA4C8352-EFFE-4326-98C6-E1B18BAF0C93}.Debug|Any CPU.Build.0 = Debug|Any CPU
		{FA4C8352-EFFE-4326-98C6-E1B18BAF0C93}.Debug|x64.ActiveCfg = Debug|Any CPU
		{FA4C8352-EFFE-4326-98C6-E1B18BAF0C93}.Debug|x64.Build.0 = Debug|Any CPU
		{FA4C8352-EFFE-4326-98C6-E1B18BAF0C93}.Debug|x86.ActiveCfg = Debug|Any CPU
		{FA4C8352-EFFE-4326-98C6-E1B18BAF0C93}.Debug|x86.Build.0 = Debug|Any CPU
		{FA4C8352-EFFE-4326-98C6-E1B18BAF0C93}.Release|Any CPU.ActiveCfg = Release|Any CPU
		{FA4C8352-EFFE-4326-98C6-E1B18BAF0C93}.Release|Any CPU.Build.0 = Release|Any CPU
		{FA4C8352-EFFE-4326-98C6-E1B18BAF0C93}.Release|x64.ActiveCfg = Release|Any CPU
		{FA4C8352-EFFE-4326-98C6-E1B18BAF0C93}.Release|x64.Build.0 = Release|Any CPU
		{FA4C8352-EFFE-4326-98C6-E1B18BAF0C93}.Release|x86.ActiveCfg = Release|Any CPU
		{FA4C8352-EFFE-4326-98C6-E1B18BAF0C93}.Release|x86.Build.0 = Release|Any CPU
		{5CF99275-2309-45A1-828D-D0632D654FA8}.Debug|Any CPU.ActiveCfg = Debug|Any CPU
		{5CF99275-2309-45A1-828D-D0632D654FA8}.Debug|Any CPU.Build.0 = Debug|Any CPU
		{5CF99275-2309-45A1-828D-D0632D654FA8}.Debug|x64.ActiveCfg = Debug|Any CPU
		{5CF99275-2309-45A1-828D-D0632D654FA8}.Debug|x64.Build.0 = Debug|Any CPU
		{5CF99275-2309-45A1-828D-D0632D654FA8}.Debug|x86.ActiveCfg = Debug|Any CPU
		{5CF99275-2309-45A1-828D-D0632D654FA8}.Debug|x86.Build.0 = Debug|Any CPU
		{5CF99275-2309-45A1-828D-D0632D654FA8}.Release|Any CPU.ActiveCfg = Release|Any CPU
		{5CF99275-2309-45A1-828D-D0632D654FA8}.Release|Any CPU.Build.0 = Release|Any CPU
		{5CF99275-2309-45A1-828D-D0632D654FA8}.Release|x64.ActiveCfg = Release|Any CPU
		{5CF99275-2309-45A1-828D-D0632D654FA8}.Release|x64.Build.0 = Release|Any CPU
		{5CF99275-2309-45A1-828D-D0632D654FA8}.Release|x86.ActiveCfg = Release|Any CPU
		{5CF99275-2309-45A1-828D-D0632D654FA8}.Release|x86.Build.0 = Release|Any CPU
		{C2DC7050-846D-43B3-8BBF-14FDF2D08D25}.Debug|Any CPU.ActiveCfg = Debug|Any CPU
		{C2DC7050-846D-43B3-8BBF-14FDF2D08D25}.Debug|Any CPU.Build.0 = Debug|Any CPU
		{C2DC7050-846D-43B3-8BBF-14FDF2D08D25}.Debug|x64.ActiveCfg = Debug|Any CPU
		{C2DC7050-846D-43B3-8BBF-14FDF2D08D25}.Debug|x64.Build.0 = Debug|Any CPU
		{C2DC7050-846D-43B3-8BBF-14FDF2D08D25}.Debug|x86.ActiveCfg = Debug|Any CPU
		{C2DC7050-846D-43B3-8BBF-14FDF2D08D25}.Debug|x86.Build.0 = Debug|Any CPU
		{C2DC7050-846D-43B3-8BBF-14FDF2D08D25}.Release|Any CPU.ActiveCfg = Release|Any CPU
		{C2DC7050-846D-43B3-8BBF-14FDF2D08D25}.Release|Any CPU.Build.0 = Release|Any CPU
		{C2DC7050-846D-43B3-8BBF-14FDF2D08D25}.Release|x64.ActiveCfg = Release|Any CPU
		{C2DC7050-846D-43B3-8BBF-14FDF2D08D25}.Release|x64.Build.0 = Release|Any CPU
		{C2DC7050-846D-43B3-8BBF-14FDF2D08D25}.Release|x86.ActiveCfg = Release|Any CPU
		{C2DC7050-846D-43B3-8BBF-14FDF2D08D25}.Release|x86.Build.0 = Release|Any CPU
		{E8F00866-C9D1-C8C6-6E1C-C04FBCA1E541}.Debug|Any CPU.ActiveCfg = Debug|Any CPU
		{E8F00866-C9D1-C8C6-6E1C-C04FBCA1E541}.Debug|Any CPU.Build.0 = Debug|Any CPU
		{E8F00866-C9D1-C8C6-6E1C-C04FBCA1E541}.Debug|x64.ActiveCfg = Debug|Any CPU
		{E8F00866-C9D1-C8C6-6E1C-C04FBCA1E541}.Debug|x64.Build.0 = Debug|Any CPU
		{E8F00866-C9D1-C8C6-6E1C-C04FBCA1E541}.Debug|x86.ActiveCfg = Debug|Any CPU
		{E8F00866-C9D1-C8C6-6E1C-C04FBCA1E541}.Debug|x86.Build.0 = Debug|Any CPU
		{E8F00866-C9D1-C8C6-6E1C-C04FBCA1E541}.Release|Any CPU.ActiveCfg = Release|Any CPU
		{E8F00866-C9D1-C8C6-6E1C-C04FBCA1E541}.Release|Any CPU.Build.0 = Release|Any CPU
		{E8F00866-C9D1-C8C6-6E1C-C04FBCA1E541}.Release|x64.ActiveCfg = Release|Any CPU
		{E8F00866-C9D1-C8C6-6E1C-C04FBCA1E541}.Release|x64.Build.0 = Release|Any CPU
		{E8F00866-C9D1-C8C6-6E1C-C04FBCA1E541}.Release|x86.ActiveCfg = Release|Any CPU
		{E8F00866-C9D1-C8C6-6E1C-C04FBCA1E541}.Release|x86.Build.0 = Release|Any CPU
		{61F6E57E-FB05-6DB5-A58C-85EDEF0F844E}.Debug|Any CPU.ActiveCfg = Debug|Any CPU
		{61F6E57E-FB05-6DB5-A58C-85EDEF0F844E}.Debug|Any CPU.Build.0 = Debug|Any CPU
		{61F6E57E-FB05-6DB5-A58C-85EDEF0F844E}.Debug|x64.ActiveCfg = Debug|Any CPU
		{61F6E57E-FB05-6DB5-A58C-85EDEF0F844E}.Debug|x64.Build.0 = Debug|Any CPU
		{61F6E57E-FB05-6DB5-A58C-85EDEF0F844E}.Debug|x86.ActiveCfg = Debug|Any CPU
		{61F6E57E-FB05-6DB5-A58C-85EDEF0F844E}.Debug|x86.Build.0 = Debug|Any CPU
		{61F6E57E-FB05-6DB5-A58C-85EDEF0F844E}.Release|Any CPU.ActiveCfg = Release|Any CPU
		{61F6E57E-FB05-6DB5-A58C-85EDEF0F844E}.Release|Any CPU.Build.0 = Release|Any CPU
		{61F6E57E-FB05-6DB5-A58C-85EDEF0F844E}.Release|x64.ActiveCfg = Release|Any CPU
		{61F6E57E-FB05-6DB5-A58C-85EDEF0F844E}.Release|x64.Build.0 = Release|Any CPU
		{61F6E57E-FB05-6DB5-A58C-85EDEF0F844E}.Release|x86.ActiveCfg = Release|Any CPU
		{61F6E57E-FB05-6DB5-A58C-85EDEF0F844E}.Release|x86.Build.0 = Release|Any CPU
		{0732EFC1-2322-05E3-5F9E-7F3E9D455119}.Debug|Any CPU.ActiveCfg = Debug|Any CPU
		{0732EFC1-2322-05E3-5F9E-7F3E9D455119}.Debug|Any CPU.Build.0 = Debug|Any CPU
		{0732EFC1-2322-05E3-5F9E-7F3E9D455119}.Debug|x64.ActiveCfg = Debug|Any CPU
		{0732EFC1-2322-05E3-5F9E-7F3E9D455119}.Debug|x64.Build.0 = Debug|Any CPU
		{0732EFC1-2322-05E3-5F9E-7F3E9D455119}.Debug|x86.ActiveCfg = Debug|Any CPU
		{0732EFC1-2322-05E3-5F9E-7F3E9D455119}.Debug|x86.Build.0 = Debug|Any CPU
		{0732EFC1-2322-05E3-5F9E-7F3E9D455119}.Release|Any CPU.ActiveCfg = Release|Any CPU
		{0732EFC1-2322-05E3-5F9E-7F3E9D455119}.Release|Any CPU.Build.0 = Release|Any CPU
		{0732EFC1-2322-05E3-5F9E-7F3E9D455119}.Release|x64.ActiveCfg = Release|Any CPU
		{0732EFC1-2322-05E3-5F9E-7F3E9D455119}.Release|x64.Build.0 = Release|Any CPU
		{0732EFC1-2322-05E3-5F9E-7F3E9D455119}.Release|x86.ActiveCfg = Release|Any CPU
		{0732EFC1-2322-05E3-5F9E-7F3E9D455119}.Release|x86.Build.0 = Release|Any CPU
		{EF8BCF91-E295-59F1-6B27-C01FE195E044}.Debug|Any CPU.ActiveCfg = Debug|Any CPU
		{EF8BCF91-E295-59F1-6B27-C01FE195E044}.Debug|Any CPU.Build.0 = Debug|Any CPU
		{EF8BCF91-E295-59F1-6B27-C01FE195E044}.Debug|x64.ActiveCfg = Debug|Any CPU
		{EF8BCF91-E295-59F1-6B27-C01FE195E044}.Debug|x64.Build.0 = Debug|Any CPU
		{EF8BCF91-E295-59F1-6B27-C01FE195E044}.Debug|x86.ActiveCfg = Debug|Any CPU
		{EF8BCF91-E295-59F1-6B27-C01FE195E044}.Debug|x86.Build.0 = Debug|Any CPU
		{EF8BCF91-E295-59F1-6B27-C01FE195E044}.Release|Any CPU.ActiveCfg = Release|Any CPU
		{EF8BCF91-E295-59F1-6B27-C01FE195E044}.Release|Any CPU.Build.0 = Release|Any CPU
		{EF8BCF91-E295-59F1-6B27-C01FE195E044}.Release|x64.ActiveCfg = Release|Any CPU
		{EF8BCF91-E295-59F1-6B27-C01FE195E044}.Release|x64.Build.0 = Release|Any CPU
		{EF8BCF91-E295-59F1-6B27-C01FE195E044}.Release|x86.ActiveCfg = Release|Any CPU
		{EF8BCF91-E295-59F1-6B27-C01FE195E044}.Release|x86.Build.0 = Release|Any CPU
		{0F763243-FD4C-8CDD-6677-AD20E2425C29}.Debug|Any CPU.ActiveCfg = Debug|Any CPU
		{0F763243-FD4C-8CDD-6677-AD20E2425C29}.Debug|Any CPU.Build.0 = Debug|Any CPU
		{0F763243-FD4C-8CDD-6677-AD20E2425C29}.Debug|x64.ActiveCfg = Debug|Any CPU
		{0F763243-FD4C-8CDD-6677-AD20E2425C29}.Debug|x64.Build.0 = Debug|Any CPU
		{0F763243-FD4C-8CDD-6677-AD20E2425C29}.Debug|x86.ActiveCfg = Debug|Any CPU
		{0F763243-FD4C-8CDD-6677-AD20E2425C29}.Debug|x86.Build.0 = Debug|Any CPU
		{0F763243-FD4C-8CDD-6677-AD20E2425C29}.Release|Any CPU.ActiveCfg = Release|Any CPU
		{0F763243-FD4C-8CDD-6677-AD20E2425C29}.Release|Any CPU.Build.0 = Release|Any CPU
		{0F763243-FD4C-8CDD-6677-AD20E2425C29}.Release|x64.ActiveCfg = Release|Any CPU
		{0F763243-FD4C-8CDD-6677-AD20E2425C29}.Release|x64.Build.0 = Release|Any CPU
		{0F763243-FD4C-8CDD-6677-AD20E2425C29}.Release|x86.ActiveCfg = Release|Any CPU
		{0F763243-FD4C-8CDD-6677-AD20E2425C29}.Release|x86.Build.0 = Release|Any CPU
	EndGlobalSection
	GlobalSection(SolutionProperties) = preSolution
		HideSolutionNode = FALSE
	EndGlobalSection
	GlobalSection(NestedProjects) = preSolution
		{76772D7F-1040-4ED1-B222-75905BA64EE7} = {827E0CD3-B72D-47B6-A68D-7590B98EB39B}
		{58EFD4C8-8F01-4AAE-BA58-F6F707153671} = {0AB3BF05-4346-4AA6-1389-037BE0695223}
		{4D249555-86FD-49E4-9664-B1B498094F8B} = {B36A84DF-456D-A817-6EDD-3EC3E7F6E11F}
		{14B6ABC1-AAA3-41B8-8F45-CDE9D2DBFDB8} = {B36A84DF-456D-A817-6EDD-3EC3E7F6E11F}
		{0F92CC6B-EF5C-4BCF-B5ED-3C629F93974A} = {B36A84DF-456D-A817-6EDD-3EC3E7F6E11F}
		{EB488CC7-6E16-4B82-9015-88E830D1CD55} = {B36A84DF-456D-A817-6EDD-3EC3E7F6E11F}
		{9F7FAAD8-D81D-498C-A7DF-8AC331C5A539} = {B36A84DF-456D-A817-6EDD-3EC3E7F6E11F}
		{46BC1717-9677-46E7-BEC1-E32797F59D4A} = {B36A84DF-456D-A817-6EDD-3EC3E7F6E11F}
		{5BCB5FE5-9526-4D54-B401-CFAE9467D3BB} = {B36A84DF-456D-A817-6EDD-3EC3E7F6E11F}
		{84DCB318-033E-4F98-A4EF-AF2D21B15F13} = {B36A84DF-456D-A817-6EDD-3EC3E7F6E11F}
		{6F7AC646-4C9B-424D-B3E5-116E6F4E3AB9} = {B36A84DF-456D-A817-6EDD-3EC3E7F6E11F}
		{0D75EA4D-1897-4AEA-84D3-6E7A30542DEC} = {B36A84DF-456D-A817-6EDD-3EC3E7F6E11F}
		{CF8E04BE-4C5B-4939-87B0-E3C750991B6D} = {B36A84DF-456D-A817-6EDD-3EC3E7F6E11F}
		{51529AEF-0AED-448F-95B9-07030392ED0B} = {B36A84DF-456D-A817-6EDD-3EC3E7F6E11F}
		{88ABC7FF-BC27-4BF7-B4E0-7C6522B96C50} = {B36A84DF-456D-A817-6EDD-3EC3E7F6E11F}
		{D473AD6D-D6A8-431D-AE3C-BA5F43787459} = {B36A84DF-456D-A817-6EDD-3EC3E7F6E11F}
		{D2D2262E-8946-4869-A33E-47C62B4C2E1C} = {B36A84DF-456D-A817-6EDD-3EC3E7F6E11F}
		{DA1E2B50-A9AE-4A56-9A6B-7617D95A03F6} = {B36A84DF-456D-A817-6EDD-3EC3E7F6E11F}
		{E2A637B0-DAD9-496F-B9D6-49919E2CD391} = {B36A84DF-456D-A817-6EDD-3EC3E7F6E11F}
		{A3A93E7C-81B0-4F7F-BF87-CF0309F54645} = {B36A84DF-456D-A817-6EDD-3EC3E7F6E11F}
		{D1FA1B3F-4B90-4FA9-9B84-0BE230F1C675} = {B36A84DF-456D-A817-6EDD-3EC3E7F6E11F}
		{4C3A737E-DB66-456E-81BB-C9AEEA78EFC1} = {B36A84DF-456D-A817-6EDD-3EC3E7F6E11F}
		{F025E0EB-11AB-4A5E-A35B-94A4D3008A80} = {B36A84DF-456D-A817-6EDD-3EC3E7F6E11F}
		{F2865CFC-0ED2-4E70-8D35-F5EF999F2B0B} = {B36A84DF-456D-A817-6EDD-3EC3E7F6E11F}
		{E8AB62E1-D4C8-4EB3-8D43-DB4417BB0137} = {B36A84DF-456D-A817-6EDD-3EC3E7F6E11F}
		{036E4B32-1503-43F3-9366-485C6501490A} = {B36A84DF-456D-A817-6EDD-3EC3E7F6E11F}
		{D16E7438-F389-49CE-82FF-E9FBD7E4ABB5} = {B36A84DF-456D-A817-6EDD-3EC3E7F6E11F}
		{DEDFC758-7B14-459E-B856-D75EDAC5AA16} = {B36A84DF-456D-A817-6EDD-3EC3E7F6E11F}
		{FA4C8352-EFFE-4326-98C6-E1B18BAF0C93} = {B36A84DF-456D-A817-6EDD-3EC3E7F6E11F}
		{5CF99275-2309-45A1-828D-D0632D654FA8} = {B36A84DF-456D-A817-6EDD-3EC3E7F6E11F}
		{C2DC7050-846D-43B3-8BBF-14FDF2D08D25} = {B36A84DF-456D-A817-6EDD-3EC3E7F6E11F}
		{E8F00866-C9D1-C8C6-6E1C-C04FBCA1E541} = {B36A84DF-456D-A817-6EDD-3EC3E7F6E11F}
		{61F6E57E-FB05-6DB5-A58C-85EDEF0F844E} = {B36A84DF-456D-A817-6EDD-3EC3E7F6E11F}
		{0732EFC1-2322-05E3-5F9E-7F3E9D455119} = {B36A84DF-456D-A817-6EDD-3EC3E7F6E11F}
		{EF8BCF91-E295-59F1-6B27-C01FE195E044} = {B36A84DF-456D-A817-6EDD-3EC3E7F6E11F}
		{0F763243-FD4C-8CDD-6677-AD20E2425C29} = {B36A84DF-456D-A817-6EDD-3EC3E7F6E11F}
	EndGlobalSection
	GlobalSection(ExtensibilityGlobals) = postSolution
		SolutionGuid = {FD42E133-11E0-4043-91A0-B0AF6D8976C1}
	EndGlobalSection
EndGlobal
